
Microsoft Visual Studio Solution File, Format Version 12.00
# Visual Studio Version 17
VisualStudioVersion = 17.3.32929.385
MinimumVisualStudioVersion = 10.0.40219.1
Project("{FAE04EC0-301F-11D3-BF4B-00C04F79EFBC}") = "GenerateUserPassword", "GenerateUserPassword.csproj", "{2C723662-80E5-4CD5-840C-6E43CDCE6BDE}"
EndProject
Global
	GlobalSection(SolutionConfigurationPlatforms) = preSolution
		Debug|Any CPU = Debug|Any CPU
		Release|Any CPU = Release|Any CPU
	EndGlobalSection
	GlobalSection(ProjectConfigurationPlatforms) = postSolution
		{2C723662-80E5-4CD5-840C-6E43CDCE6BDE}.Debug|Any CPU.ActiveCfg = Debug|Any CPU
		{2C723662-80E5-4CD5-840C-6E43CDCE6BDE}.Debug|Any CPU.Build.0 = Debug|Any CPU
		{2C723662-80E5-4CD5-840C-6E43CDCE6BDE}.Release|Any CPU.ActiveCfg = Release|Any CPU
		{2C723662-80E5-4CD5-840C-6E43CDCE6BDE}.Release|Any CPU.Build.0 = Release|Any CPU
	EndGlobalSection
	GlobalSection(SolutionProperties) = preSolution
		HideSolutionNode = FALSE
	EndGlobalSection
	GlobalSection(ExtensibilityGlobals) = postSolution
		SolutionGuid = {C22E7F66-1E52-4B21-9BBC-1E12BA87AC55}
	EndGlobalSection
EndGlobal
